
Microsoft Visual Studio Solution File, Format Version 12.00
# Visual Studio Version 16
VisualStudioVersion = 16.0.29613.14
MinimumVisualStudioVersion = 10.0.40219.1
Project("{9A19103F-16F7-4668-BE54-9A1E7A4F7556}") = "OrderFoodCore3.Core", "OrderFoodCore.Core\OrderFoodCore3.Core.csproj", "{CBAEEE52-B5E3-4C0A-8D64-6515FD4A2490}"
EndProject
Project("{9A19103F-16F7-4668-BE54-9A1E7A4F7556}") = "OrderFoodCore3.Data", "OrderFoodCore3.Data\OrderFoodCore3.Data.csproj", "{232BB304-6CCA-486D-81C7-E02CCE48B8EF}"
EndProject
Project("{9A19103F-16F7-4668-BE54-9A1E7A4F7556}") = "OrderFoodCore3.Web", "OrderFoodCore3.Web\OrderFoodCore3.Web.csproj", "{A9A6373C-9805-4536-81A9-BB95D1F9F4B3}"
EndProject
Global
	GlobalSection(SolutionConfigurationPlatforms) = preSolution
		Debug|Any CPU = Debug|Any CPU
		Release|Any CPU = Release|Any CPU
	EndGlobalSection
	GlobalSection(ProjectConfigurationPlatforms) = postSolution
		{CBAEEE52-B5E3-4C0A-8D64-6515FD4A2490}.Debug|Any CPU.ActiveCfg = Debug|Any CPU
		{CBAEEE52-B5E3-4C0A-8D64-6515FD4A2490}.Debug|Any CPU.Build.0 = Debug|Any CPU
		{CBAEEE52-B5E3-4C0A-8D64-6515FD4A2490}.Release|Any CPU.ActiveCfg = Release|Any CPU
		{CBAEEE52-B5E3-4C0A-8D64-6515FD4A2490}.Release|Any CPU.Build.0 = Release|Any CPU
		{232BB304-6CCA-486D-81C7-E02CCE48B8EF}.Debug|Any CPU.ActiveCfg = Debug|Any CPU
		{232BB304-6CCA-486D-81C7-E02CCE48B8EF}.Debug|Any CPU.Build.0 = Debug|Any CPU
		{232BB304-6CCA-486D-81C7-E02CCE48B8EF}.Release|Any CPU.ActiveCfg = Release|Any CPU
		{232BB304-6CCA-486D-81C7-E02CCE48B8EF}.Release|Any CPU.Build.0 = Release|Any CPU
		{A9A6373C-9805-4536-81A9-BB95D1F9F4B3}.Debug|Any CPU.ActiveCfg = Debug|Any CPU
		{A9A6373C-9805-4536-81A9-BB95D1F9F4B3}.Debug|Any CPU.Build.0 = Debug|Any CPU
		{A9A6373C-9805-4536-81A9-BB95D1F9F4B3}.Release|Any CPU.ActiveCfg = Release|Any CPU
		{A9A6373C-9805-4536-81A9-BB95D1F9F4B3}.Release|Any CPU.Build.0 = Release|Any CPU
	EndGlobalSection
	GlobalSection(SolutionProperties) = preSolution
		HideSolutionNode = FALSE
	EndGlobalSection
	GlobalSection(ExtensibilityGlobals) = postSolution
		SolutionGuid = {33ADA10B-68B9-4A95-9FE0-BB40D02EA5C7}
	EndGlobalSection
EndGlobal
